// !$*UTF8*$!
{
	archiveVersion = 1;
	classes = {
	};
	objectVersion = 50;
	objects = {

/* Begin PBXBuildFile section */
		ACE9B93D263DB006005A2811 /* AppDelegate.swift in Sources */ = {isa = PBXBuildFile; fileRef = ACE9B93C263DB006005A2811 /* AppDelegate.swift */; };
		ACE9B93F263DB006005A2811 /* SceneDelegate.swift in Sources */ = {isa = PBXBuildFile; fileRef = ACE9B93E263DB006005A2811 /* SceneDelegate.swift */; };
		ACE9B941263DB006005A2811 /* ViewController.swift in Sources */ = {isa = PBXBuildFile; fileRef = ACE9B940263DB006005A2811 /* ViewController.swift */; };
		ACE9B944263DB006005A2811 /* Main.storyboard in Resources */ = {isa = PBXBuildFile; fileRef = ACE9B942263DB006005A2811 /* Main.storyboard */; };
		ACE9B946263DB007005A2811 /* Assets.xcassets in Resources */ = {isa = PBXBuildFile; fileRef = ACE9B945263DB007005A2811 /* Assets.xcassets */; };
		ACE9B949263DB007005A2811 /* LaunchScreen.storyboard in Resources */ = {isa = PBXBuildFile; fileRef = ACE9B947263DB007005A2811 /* LaunchScreen.storyboard */; };
		ACE9B954263DB007005A2811 /* BluetoothExampleTests.swift in Sources */ = {isa = PBXBuildFile; fileRef = ACE9B953263DB007005A2811 /* BluetoothExampleTests.swift */; };
		ACE9B95F263DB007005A2811 /* BluetoothExampleUITests.swift in Sources */ = {isa = PBXBuildFile; fileRef = ACE9B95E263DB007005A2811 /* BluetoothExampleUITests.swift */; };
/* End PBXBuildFile section */

/* Begin PBXContainerItemProxy section */
		ACE9B950263DB007005A2811 /* PBXContainerItemProxy */ = {
			isa = PBXContainerItemProxy;
			containerPortal = ACE9B931263DB006005A2811 /* Project object */;
			proxyType = 1;
			remoteGlobalIDString = ACE9B938263DB006005A2811;
			remoteInfo = BluetoothExample;
		};
		ACE9B95B263DB007005A2811 /* PBXContainerItemProxy */ = {
			isa = PBXContainerItemProxy;
			containerPortal = ACE9B931263DB006005A2811 /* Project object */;
			proxyType = 1;
			remoteGlobalIDString = ACE9B938263DB006005A2811;
			remoteInfo = BluetoothExample;
		};
/* End PBXContainerItemProxy section */

/* Begin PBXFileReference section */
		ACE9B939263DB006005A2811 /* BluetoothExample.app */ = {isa = PBXFileReference; explicitFileType = wrapper.application; includeInIndex = 0; path = BluetoothExample.app; sourceTree = BUILT_PRODUCTS_DIR; };
		ACE9B93C263DB006005A2811 /* AppDelegate.swift */ = {isa = PBXFileReference; lastKnownFileType = sourcecode.swift; path = AppDelegate.swift; sourceTree = "<group>"; };
		ACE9B93E263DB006005A2811 /* SceneDelegate.swift */ = {isa = PBXFileReference; lastKnownFileType = sourcecode.swift; path = SceneDelegate.swift; sourceTree = "<group>"; };
		ACE9B940263DB006005A2811 /* ViewController.swift */ = {isa = PBXFileReference; lastKnownFileType = sourcecode.swift; path = ViewController.swift; sourceTree = "<group>"; };
		ACE9B943263DB006005A2811 /* Base */ = {isa = PBXFileReference; lastKnownFileType = file.storyboard; name = Base; path = Base.lproj/Main.storyboard; sourceTree = "<group>"; };
		ACE9B945263DB007005A2811 /* Assets.xcassets */ = {isa = PBXFileReference; lastKnownFileType = folder.assetcatalog; path = Assets.xcassets; sourceTree = "<group>"; };
		ACE9B948263DB007005A2811 /* Base */ = {isa = PBXFileReference; lastKnownFileType = file.storyboard; name = Base; path = Base.lproj/LaunchScreen.storyboard; sourceTree = "<group>"; };
		ACE9B94A263DB007005A2811 /* Info.plist */ = {isa = PBXFileReference; lastKnownFileType = text.plist.xml; path = Info.plist; sourceTree = "<group>"; };
		ACE9B94F263DB007005A2811 /* BluetoothExampleTests.xctest */ = {isa = PBXFileReference; explicitFileType = wrapper.cfbundle; includeInIndex = 0; path = BluetoothExampleTests.xctest; sourceTree = BUILT_PRODUCTS_DIR; };
		ACE9B953263DB007005A2811 /* BluetoothExampleTests.swift */ = {isa = PBXFileReference; lastKnownFileType = sourcecode.swift; path = BluetoothExampleTests.swift; sourceTree = "<group>"; };
		ACE9B955263DB007005A2811 /* Info.plist */ = {isa = PBXFileReference; lastKnownFileType = text.plist.xml; path = Info.plist; sourceTree = "<group>"; };
		ACE9B95A263DB007005A2811 /* BluetoothExampleUITests.xctest */ = {isa = PBXFileReference; explicitFileType = wrapper.cfbundle; includeInIndex = 0; path = BluetoothExampleUITests.xctest; sourceTree = BUILT_PRODUCTS_DIR; };
		ACE9B95E263DB007005A2811 /* BluetoothExampleUITests.swift */ = {isa = PBXFileReference; lastKnownFileType = sourcecode.swift; path = BluetoothExampleUITests.swift; sourceTree = "<group>"; };
		ACE9B960263DB007005A2811 /* Info.plist */ = {isa = PBXFileReference; lastKnownFileType = text.plist.xml; path = Info.plist; sourceTree = "<group>"; };
/* End PBXFileReference section */

/* Begin PBXFrameworksBuildPhase section */
		ACE9B936263DB006005A2811 /* Frameworks */ = {
			isa = PBXFrameworksBuildPhase;
			buildActionMask = 2147483647;
			files = (
			);
			runOnlyForDeploymentPostprocessing = 0;
		};
		ACE9B94C263DB007005A2811 /* Frameworks */ = {
			isa = PBXFrameworksBuildPhase;
			buildActionMask = 2147483647;
			files = (
			);
			runOnlyForDeploymentPostprocessing = 0;
		};
		ACE9B957263DB007005A2811 /* Frameworks */ = {
			isa = PBXFrameworksBuildPhase;
			buildActionMask = 2147483647;
			files = (
			);
			runOnlyForDeploymentPostprocessing = 0;
		};
/* End PBXFrameworksBuildPhase section */

/* Begin PBXGroup section */
		ACE9B930263DB006005A2811 = {
			isa = PBXGroup;
			children = (
				ACE9B93B263DB006005A2811 /* BluetoothExample */,
				ACE9B952263DB007005A2811 /* BluetoothExampleTests */,
				ACE9B95D263DB007005A2811 /* BluetoothExampleUITests */,
				ACE9B93A263DB006005A2811 /* Products */,
			);
			sourceTree = "<group>";
		};
		ACE9B93A263DB006005A2811 /* Products */ = {
			isa = PBXGroup;
			children = (
				ACE9B939263DB006005A2811 /* BluetoothExample.app */,
				ACE9B94F263DB007005A2811 /* BluetoothExampleTests.xctest */,
				ACE9B95A263DB007005A2811 /* BluetoothExampleUITests.xctest */,
			);
			name = Products;
			sourceTree = "<group>";
		};
		ACE9B93B263DB006005A2811 /* BluetoothExample */ = {
			isa = PBXGroup;
			children = (
				ACE9B93C263DB006005A2811 /* AppDelegate.swift */,
				ACE9B93E263DB006005A2811 /* SceneDelegate.swift */,
				ACE9B940263DB006005A2811 /* ViewController.swift */,
				ACE9B942263DB006005A2811 /* Main.storyboard */,
				ACE9B945263DB007005A2811 /* Assets.xcassets */,
				ACE9B947263DB007005A2811 /* LaunchScreen.storyboard */,
				ACE9B94A263DB007005A2811 /* Info.plist */,
			);
			path = BluetoothExample;
			sourceTree = "<group>";
		};
		ACE9B952263DB007005A2811 /* BluetoothExampleTests */ = {
			isa = PBXGroup;
			children = (
				ACE9B953263DB007005A2811 /* BluetoothExampleTests.swift */,
				ACE9B955263DB007005A2811 /* Info.plist */,
			);
			path = BluetoothExampleTests;
			sourceTree = "<group>";
		};
		ACE9B95D263DB007005A2811 /* BluetoothExampleUITests */ = {
			isa = PBXGroup;
			children = (
				ACE9B95E263DB007005A2811 /* BluetoothExampleUITests.swift */,
				ACE9B960263DB007005A2811 /* Info.plist */,
			);
			path = BluetoothExampleUITests;
			sourceTree = "<group>";
		};
/* End PBXGroup section */

/* Begin PBXNativeTarget section */
		ACE9B938263DB006005A2811 /* BluetoothExample */ = {
			isa = PBXNativeTarget;
			buildConfigurationList = ACE9B963263DB007005A2811 /* Build configuration list for PBXNativeTarget "BluetoothExample" */;
			buildPhases = (
				ACE9B935263DB006005A2811 /* Sources */,
				ACE9B936263DB006005A2811 /* Frameworks */,
				ACE9B937263DB006005A2811 /* Resources */,
			);
			buildRules = (
			);
			dependencies = (
			);
			name = BluetoothExample;
			productName = BluetoothExample;
			productReference = ACE9B939263DB006005A2811 /* BluetoothExample.app */;
			productType = "com.apple.product-type.application";
		};
		ACE9B94E263DB007005A2811 /* BluetoothExampleTests */ = {
			isa = PBXNativeTarget;
			buildConfigurationList = ACE9B966263DB007005A2811 /* Build configuration list for PBXNativeTarget "BluetoothExampleTests" */;
			buildPhases = (
				ACE9B94B263DB007005A2811 /* Sources */,
				ACE9B94C263DB007005A2811 /* Frameworks */,
				ACE9B94D263DB007005A2811 /* Resources */,
			);
			buildRules = (
			);
			dependencies = (
				ACE9B951263DB007005A2811 /* PBXTargetDependency */,
			);
			name = BluetoothExampleTests;
			productName = BluetoothExampleTests;
			productReference = ACE9B94F263DB007005A2811 /* BluetoothExampleTests.xctest */;
			productType = "com.apple.product-type.bundle.unit-test";
		};
		ACE9B959263DB007005A2811 /* BluetoothExampleUITests */ = {
			isa = PBXNativeTarget;
			buildConfigurationList = ACE9B969263DB007005A2811 /* Build configuration list for PBXNativeTarget "BluetoothExampleUITests" */;
			buildPhases = (
				ACE9B956263DB007005A2811 /* Sources */,
				ACE9B957263DB007005A2811 /* Frameworks */,
				ACE9B958263DB007005A2811 /* Resources */,
			);
			buildRules = (
			);
			dependencies = (
				ACE9B95C263DB007005A2811 /* PBXTargetDependency */,
			);
			name = BluetoothExampleUITests;
			productName = BluetoothExampleUITests;
			productReference = ACE9B95A263DB007005A2811 /* BluetoothExampleUITests.xctest */;
			productType = "com.apple.product-type.bundle.ui-testing";
		};
/* End PBXNativeTarget section */

/* Begin PBXProject section */
		ACE9B931263DB006005A2811 /* Project object */ = {
			isa = PBXProject;
			attributes = {
				LastSwiftUpdateCheck = 1250;
				LastUpgradeCheck = 1250;
				TargetAttributes = {
					ACE9B938263DB006005A2811 = {
						CreatedOnToolsVersion = 12.5;
					};
					ACE9B94E263DB007005A2811 = {
						CreatedOnToolsVersion = 12.5;
						TestTargetID = ACE9B938263DB006005A2811;
					};
					ACE9B959263DB007005A2811 = {
						CreatedOnToolsVersion = 12.5;
						TestTargetID = ACE9B938263DB006005A2811;
					};
				};
			};
			buildConfigurationList = ACE9B934263DB006005A2811 /* Build configuration list for PBXProject "BluetoothExample" */;
			compatibilityVersion = "Xcode 9.3";
			developmentRegion = en;
			hasScannedForEncodings = 0;
			knownRegions = (
				en,
				Base,
			);
			mainGroup = ACE9B930263DB006005A2811;
			productRefGroup = ACE9B93A263DB006005A2811 /* Products */;
			projectDirPath = "";
			projectRoot = "";
			targets = (
				ACE9B938263DB006005A2811 /* BluetoothExample */,
				ACE9B94E263DB007005A2811 /* BluetoothExampleTests */,
				ACE9B959263DB007005A2811 /* BluetoothExampleUITests */,
			);
		};
/* End PBXProject section */

/* Begin PBXResourcesBuildPhase section */
		ACE9B937263DB006005A2811 /* Resources */ = {
			isa = PBXResourcesBuildPhase;
			buildActionMask = 2147483647;
			files = (
				ACE9B949263DB007005A2811 /* LaunchScreen.storyboard in Resources */,
				ACE9B946263DB007005A2811 /* Assets.xcassets in Resources */,
				ACE9B944263DB006005A2811 /* Main.storyboard in Resources */,
			);
			runOnlyForDeploymentPostprocessing = 0;
		};
		ACE9B94D263DB007005A2811 /* Resources */ = {
			isa = PBXResourcesBuildPhase;
			buildActionMask = 2147483647;
			files = (
			);
			runOnlyForDeploymentPostprocessing = 0;
		};
		ACE9B958263DB007005A2811 /* Resources */ = {
			isa = PBXResourcesBuildPhase;
			buildActionMask = 2147483647;
			files = (
			);
			runOnlyForDeploymentPostprocessing = 0;
		};
/* End PBXResourcesBuildPhase section */

/* Begin PBXSourcesBuildPhase section */
		ACE9B935263DB006005A2811 /* Sources */ = {
			isa = PBXSourcesBuildPhase;
			buildActionMask = 2147483647;
			files = (
				ACE9B941263DB006005A2811 /* ViewController.swift in Sources */,
				ACE9B93D263DB006005A2811 /* AppDelegate.swift in Sources */,
				ACE9B93F263DB006005A2811 /* SceneDelegate.swift in Sources */,
			);
			runOnlyForDeploymentPostprocessing = 0;
		};
		ACE9B94B263DB007005A2811 /* Sources */ = {
			isa = PBXSourcesBuildPhase;
			buildActionMask = 2147483647;
			files = (
				ACE9B954263DB007005A2811 /* BluetoothExampleTests.swift in Sources */,
			);
			runOnlyForDeploymentPostprocessing = 0;
		};
		ACE9B956263DB007005A2811 /* Sources */ = {
			isa = PBXSourcesBuildPhase;
			buildActionMask = 2147483647;
			files = (
				ACE9B95F263DB007005A2811 /* BluetoothExampleUITests.swift in Sources */,
			);
			runOnlyForDeploymentPostprocessing = 0;
		};
/* End PBXSourcesBuildPhase section */

/* Begin PBXTargetDependency section */
		ACE9B951263DB007005A2811 /* PBXTargetDependency */ = {
			isa = PBXTargetDependency;
			target = ACE9B938263DB006005A2811 /* BluetoothExample */;
			targetProxy = ACE9B950263DB007005A2811 /* PBXContainerItemProxy */;
		};
		ACE9B95C263DB007005A2811 /* PBXTargetDependency */ = {
			isa = PBXTargetDependency;
			target = ACE9B938263DB006005A2811 /* BluetoothExample */;
			targetProxy = ACE9B95B263DB007005A2811 /* PBXContainerItemProxy */;
		};
/* End PBXTargetDependency section */

/* Begin PBXVariantGroup section */
		ACE9B942263DB006005A2811 /* Main.storyboard */ = {
			isa = PBXVariantGroup;
			children = (
				ACE9B943263DB006005A2811 /* Base */,
			);
			name = Main.storyboard;
			sourceTree = "<group>";
		};
		ACE9B947263DB007005A2811 /* LaunchScreen.storyboard */ = {
			isa = PBXVariantGroup;
			children = (
				ACE9B948263DB007005A2811 /* Base */,
			);
			name = LaunchScreen.storyboard;
			sourceTree = "<group>";
		};
/* End PBXVariantGroup section */

/* Begin XCBuildConfiguration section */
		ACE9B961263DB007005A2811 /* Debug */ = {
			isa = XCBuildConfiguration;
			buildSettings = {
				ALWAYS_SEARCH_USER_PATHS = NO;
				CLANG_ANALYZER_NONNULL = YES;
				CLANG_ANALYZER_NUMBER_OBJECT_CONVERSION = YES_AGGRESSIVE;
				CLANG_CXX_LANGUAGE_STANDARD = "gnu++14";
				CLANG_CXX_LIBRARY = "libc++";
				CLANG_ENABLE_MODULES = YES;
				CLANG_ENABLE_OBJC_ARC = YES;
				CLANG_ENABLE_OBJC_WEAK = YES;
				CLANG_WARN_BLOCK_CAPTURE_AUTORELEASING = YES;
				CLANG_WARN_BOOL_CONVERSION = YES;
				CLANG_WARN_COMMA = YES;
				CLANG_WARN_CONSTANT_CONVERSION = YES;
				CLANG_WARN_DEPRECATED_OBJC_IMPLEMENTATIONS = YES;
				CLANG_WARN_DIRECT_OBJC_ISA_USAGE = YES_ERROR;
				CLANG_WARN_DOCUMENTATION_COMMENTS = YES;
				CLANG_WARN_EMPTY_BODY = YES;
				CLANG_WARN_ENUM_CONVERSION = YES;
				CLANG_WARN_INFINITE_RECURSION = YES;
				CLANG_WARN_INT_CONVERSION = YES;
				CLANG_WARN_NON_LITERAL_NULL_CONVERSION = YES;
				CLANG_WARN_OBJC_IMPLICIT_RETAIN_SELF = YES;
				CLANG_WARN_OBJC_LITERAL_CONVERSION = YES;
				CLANG_WARN_OBJC_ROOT_CLASS = YES_ERROR;
				CLANG_WARN_QUOTED_INCLUDE_IN_FRAMEWORK_HEADER = YES;
				CLANG_WARN_RANGE_LOOP_ANALYSIS = YES;
				CLANG_WARN_STRICT_PROTOTYPES = YES;
				CLANG_WARN_SUSPICIOUS_MOVE = YES;
				CLANG_WARN_UNGUARDED_AVAILABILITY = YES_AGGRESSIVE;
				CLANG_WARN_UNREACHABLE_CODE = YES;
				CLANG_WARN__DUPLICATE_METHOD_MATCH = YES;
				COPY_PHASE_STRIP = NO;
				DEBUG_INFORMATION_FORMAT = dwarf;
				ENABLE_STRICT_OBJC_MSGSEND = YES;
				ENABLE_TESTABILITY = YES;
				GCC_C_LANGUAGE_STANDARD = gnu11;
				GCC_DYNAMIC_NO_PIC = NO;
				GCC_NO_COMMON_BLOCKS = YES;
				GCC_OPTIMIZATION_LEVEL = 0;
				GCC_PREPROCESSOR_DEFINITIONS = (
					"DEBUG=1",
					"$(inherited)",
				);
				GCC_WARN_64_TO_32_BIT_CONVERSION = YES;
				GCC_WARN_ABOUT_RETURN_TYPE = YES_ERROR;
				GCC_WARN_UNDECLARED_SELECTOR = YES;
				GCC_WARN_UNINITIALIZED_AUTOS = YES_AGGRESSIVE;
				GCC_WARN_UNUSED_FUNCTION = YES;
				GCC_WARN_UNUSED_VARIABLE = YES;
				IPHONEOS_DEPLOYMENT_TARGET = 14.5;
				MTL_ENABLE_DEBUG_INFO = INCLUDE_SOURCE;
				MTL_FAST_MATH = YES;
				ONLY_ACTIVE_ARCH = YES;
				SDKROOT = iphoneos;
				SWIFT_ACTIVE_COMPILATION_CONDITIONS = DEBUG;
				SWIFT_OPTIMIZATION_LEVEL = "-Onone";
			};
			name = Debug;
		};
		ACE9B962263DB007005A2811 /* Release */ = {
			isa = XCBuildConfiguration;
			buildSettings = {
				ALWAYS_SEARCH_USER_PATHS = NO;
				CLANG_ANALYZER_NONNULL = YES;
				CLANG_ANALYZER_NUMBER_OBJECT_CONVERSION = YES_AGGRESSIVE;
				CLANG_CXX_LANGUAGE_STANDARD = "gnu++14";
				CLANG_CXX_LIBRARY = "libc++";
				CLANG_ENABLE_MODULES = YES;
				CLANG_ENABLE_OBJC_ARC = YES;
				CLANG_ENABLE_OBJC_WEAK = YES;
				CLANG_WARN_BLOCK_CAPTURE_AUTORELEASING = YES;
				CLANG_WARN_BOOL_CONVERSION = YES;
				CLANG_WARN_COMMA = YES;
				CLANG_WARN_CONSTANT_CONVERSION = YES;
				CLANG_WARN_DEPRECATED_OBJC_IMPLEMENTATIONS = YES;
				CLANG_WARN_DIRECT_OBJC_ISA_USAGE = YES_ERROR;
				CLANG_WARN_DOCUMENTATION_COMMENTS = YES;
				CLANG_WARN_EMPTY_BODY = YES;
				CLANG_WARN_ENUM_CONVERSION = YES;
				CLANG_WARN_INFINITE_RECURSION = YES;
				CLANG_WARN_INT_CONVERSION = YES;
				CLANG_WARN_NON_LITERAL_NULL_CONVERSION = YES;
				CLANG_WARN_OBJC_IMPLICIT_RETAIN_SELF = YES;
				CLANG_WARN_OBJC_LITERAL_CONVERSION = YES;
				CLANG_WARN_OBJC_ROOT_CLASS = YES_ERROR;
				CLANG_WARN_QUOTED_INCLUDE_IN_FRAMEWORK_HEADER = YES;
				CLANG_WARN_RANGE_LOOP_ANALYSIS = YES;
				CLANG_WARN_STRICT_PROTOTYPES = YES;
				CLANG_WARN_SUSPICIOUS_MOVE = YES;
				CLANG_WARN_UNGUARDED_AVAILABILITY = YES_AGGRESSIVE;
				CLANG_WARN_UNREACHABLE_CODE = YES;
				CLANG_WARN__DUPLICATE_METHOD_MATCH = YES;
				COPY_PHASE_STRIP = NO;
				DEBUG_INFORMATION_FORMAT = "dwarf-with-dsym";
				ENABLE_NS_ASSERTIONS = NO;
				ENABLE_STRICT_OBJC_MSGSEND = YES;
				GCC_C_LANGUAGE_STANDARD = gnu11;
				GCC_NO_COMMON_BLOCKS = YES;
				GCC_WARN_64_TO_32_BIT_CONVERSION = YES;
				GCC_WARN_ABOUT_RETURN_TYPE = YES_ERROR;
				GCC_WARN_UNDECLARED_SELECTOR = YES;
				GCC_WARN_UNINITIALIZED_AUTOS = YES_AGGRESSIVE;
				GCC_WARN_UNUSED_FUNCTION = YES;
				GCC_WARN_UNUSED_VARIABLE = YES;
				IPHONEOS_DEPLOYMENT_TARGET = 14.5;
				MTL_ENABLE_DEBUG_INFO = NO;
				MTL_FAST_MATH = YES;
				SDKROOT = iphoneos;
				SWIFT_COMPILATION_MODE = wholemodule;
				SWIFT_OPTIMIZATION_LEVEL = "-O";
				VALIDATE_PRODUCT = YES;
			};
			name = Release;
		};
		ACE9B964263DB007005A2811 /* Debug */ = {
			isa = XCBuildConfiguration;
			buildSettings = {
				ASSETCATALOG_COMPILER_APPICON_NAME = AppIcon;
				ASSETCATALOG_COMPILER_GLOBAL_ACCENT_COLOR_NAME = AccentColor;
				CODE_SIGN_STYLE = Automatic;
				DEVELOPMENT_TEAM = EV64ETZ8C3;
				INFOPLIST_FILE = BluetoothExample/Info.plist;
				LD_RUNPATH_SEARCH_PATHS = (
					"$(inherited)",
					"@executable_path/Frameworks",
				);
				PRODUCT_BUNDLE_IDENTIFIER = com.OpenBox.BluetoothExample;
				PRODUCT_NAME = "$(TARGET_NAME)";
				SWIFT_VERSION = 5.0;
				TARGETED_DEVICE_FAMILY = "1,2";
			};
			name = Debug;
		};
		ACE9B965263DB007005A2811 /* Release */ = {
			isa = XCBuildConfiguration;
			buildSettings = {
				ASSETCATALOG_COMPILER_APPICON_NAME = AppIcon;
				ASSETCATALOG_COMPILER_GLOBAL_ACCENT_COLOR_NAME = AccentColor;
				CODE_SIGN_STYLE = Automatic;
				DEVELOPMENT_TEAM = EV64ETZ8C3;
				INFOPLIST_FILE = BluetoothExample/Info.plist;
				LD_RUNPATH_SEARCH_PATHS = (
					"$(inherited)",
					"@executable_path/Frameworks",
				);
				PRODUCT_BUNDLE_IDENTIFIER = com.OpenBox.BluetoothExample;
				PRODUCT_NAME = "$(TARGET_NAME)";
				SWIFT_VERSION = 5.0;
				TARGETED_DEVICE_FAMILY = "1,2";
			};
			name = Release;
		};
		ACE9B967263DB007005A2811 /* Debug */ = {
			isa = XCBuildConfiguration;
			buildSettings = {
				ALWAYS_EMBED_SWIFT_STANDARD_LIBRARIES = YES;
				BUNDLE_LOADER = "$(TEST_HOST)";
				CODE_SIGN_STYLE = Automatic;
				DEVELOPMENT_TEAM = EV64ETZ8C3;
				INFOPLIST_FILE = BluetoothExampleTests/Info.plist;
				IPHONEOS_DEPLOYMENT_TARGET = 14.5;
				LD_RUNPATH_SEARCH_PATHS = (
					"$(inherited)",
					"@executable_path/Frameworks",
					"@loader_path/Frameworks",
				);
				PRODUCT_BUNDLE_IDENTIFIER = com.OpenBox.BluetoothExampleTests;
				PRODUCT_NAME = "$(TARGET_NAME)";
				SWIFT_VERSION = 5.0;
				TARGETED_DEVICE_FAMILY = "1,2";
				TEST_HOST = "$(BUILT_PRODUCTS_DIR)/BluetoothExample.app/BluetoothExample";
			};
			name = Debug;
		};
		ACE9B968263DB007005A2811 /* Release */ = {
			isa = XCBuildConfiguration;
			buildSettings = {
				ALWAYS_EMBED_SWIFT_STANDARD_LIBRARIES = YES;
				BUNDLE_LOADER = "$(TEST_HOST)";
				CODE_SIGN_STYLE = Automatic;
				DEVELOPMENT_TEAM = EV64ETZ8C3;
				INFOPLIST_FILE = BluetoothExampleTests/Info.plist;
				IPHONEOS_DEPLOYMENT_TARGET = 14.5;
				LD_RUNPATH_SEARCH_PATHS = (
					"$(inherited)",
					"@executable_path/Frameworks",
					"@loader_path/Frameworks",
				);
				PRODUCT_BUNDLE_IDENTIFIER = com.OpenBox.BluetoothExampleTests;
				PRODUCT_NAME = "$(TARGET_NAME)";
				SWIFT_VERSION = 5.0;
				TARGETED_DEVICE_FAMILY = "1,2";
				TEST_HOST = "$(BUILT_PRODUCTS_DIR)/BluetoothExample.app/BluetoothExample";
			};
			name = Release;
		};
		ACE9B96A263DB007005A2811 /* Debug */ = {
			isa = XCBuildConfiguration;
			buildSettings = {
				ALWAYS_EMBED_SWIFT_STANDARD_LIBRARIES = YES;
				CODE_SIGN_STYLE = Automatic;
				DEVELOPMENT_TEAM = EV64ETZ8C3;
				INFOPLIST_FILE = BluetoothExampleUITests/Info.plist;
				LD_RUNPATH_SEARCH_PATHS = (
					"$(inherited)",
					"@executable_path/Frameworks",
					"@loader_path/Frameworks",
				);
				PRODUCT_BUNDLE_IDENTIFIER = com.OpenBox.BluetoothExampleUITests;
				PRODUCT_NAME = "$(TARGET_NAME)";
				SWIFT_VERSION = 5.0;
				TARGETED_DEVICE_FAMILY = "1,2";
				TEST_TARGET_NAME = BluetoothExample;
			};
			name = Debug;
		};
		ACE9B96B263DB007005A2811 /* Release */ = {
			isa = XCBuildConfiguration;
			buildSettings = {
				ALWAYS_EMBED_SWIFT_STANDARD_LIBRARIES = YES;
				CODE_SIGN_STYLE = Automatic;
				DEVELOPMENT_TEAM = EV64ETZ8C3;
				INFOPLIST_FILE = BluetoothExampleUITests/Info.plist;
				LD_RUNPATH_SEARCH_PATHS = (
					"$(inherited)",
					"@executable_path/Frameworks",
					"@loader_path/Frameworks",
				);
				PRODUCT_BUNDLE_IDENTIFIER = com.OpenBox.BluetoothExampleUITests;
				PRODUCT_NAME = "$(TARGET_NAME)";
				SWIFT_VERSION = 5.0;
				TARGETED_DEVICE_FAMILY = "1,2";
				TEST_TARGET_NAME = BluetoothExample;
			};
			name = Release;
		};
/* End XCBuildConfiguration section */

/* Begin XCConfigurationList section */
		ACE9B934263DB006005A2811 /* Build configuration list for PBXProject "BluetoothExample" */ = {
			isa = XCConfigurationList;
			buildConfigurations = (
				ACE9B961263DB007005A2811 /* Debug */,
				ACE9B962263DB007005A2811 /* Release */,
			);
			defaultConfigurationIsVisible = 0;
			defaultConfigurationName = Release;
		};
		ACE9B963263DB007005A2811 /* Build configuration list for PBXNativeTarget "BluetoothExample" */ = {
			isa = XCConfigurationList;
			buildConfigurations = (
				ACE9B964263DB007005A2811 /* Debug */,
				ACE9B965263DB007005A2811 /* Release */,
			);
			defaultConfigurationIsVisible = 0;
			defaultConfigurationName = Release;
		};
		ACE9B966263DB007005A2811 /* Build configuration list for PBXNativeTarget "BluetoothExampleTests" */ = {
			isa = XCConfigurationList;
			buildConfigurations = (
				ACE9B967263DB007005A2811 /* Debug */,
				ACE9B968263DB007005A2811 /* Release */,
			);
			defaultConfigurationIsVisible = 0;
			defaultConfigurationName = Release;
		};
		ACE9B969263DB007005A2811 /* Build configuration list for PBXNativeTarget "BluetoothExampleUITests" */ = {
			isa = XCConfigurationList;
			buildConfigurations = (
				ACE9B96A263DB007005A2811 /* Debug */,
				ACE9B96B263DB007005A2811 /* Release */,
			);
			defaultConfigurationIsVisible = 0;
			defaultConfigurationName = Release;
		};
/* End XCConfigurationList section */
	};
	rootObject = ACE9B931263DB006005A2811 /* Project object */;
}
